
Microsoft Visual Studio Solution File, Format Version 12.00
# Visual Studio 15
Project("{FAE04EC0-301F-11D3-BF4B-00C04F79EFBC}") = "AoC-Day2", "AoC-Day2.csproj", "{D2661EDC-A476-440D-9F7B-895D566540C5}"
EndProject
Global
	GlobalSection(SolutionConfigurationPlatforms) = preSolution
		Debug|x86 = Debug|x86
		Release|x86 = Release|x86
	EndGlobalSection
	GlobalSection(ProjectConfigurationPlatforms) = postSolution
		{D2661EDC-A476-440D-9F7B-895D566540C5}.Debug|x86.ActiveCfg = Debug|x86
		{D2661EDC-A476-440D-9F7B-895D566540C5}.Debug|x86.Build.0 = Debug|x86
		{D2661EDC-A476-440D-9F7B-895D566540C5}.Release|x86.ActiveCfg = Release|x86
		{D2661EDC-A476-440D-9F7B-895D566540C5}.Release|x86.Build.0 = Release|x86
	EndGlobalSection
EndGlobal
